
Microsoft Visual Studio Solution File, Format Version 12.00
# Visual Studio Version 17
VisualStudioVersion = 17.14.37012.4
MinimumVisualStudioVersion = 10.0.40219.1
Project("{FAE04EC0-301F-11D3-BF4B-00C04F79EFBC}") = "Abstracciones", "Abstracciones\Abstracciones.csproj", "{615CE703-1B30-4A2F-842A-4C7377A55EFE}"
EndProject
Project("{FAE04EC0-301F-11D3-BF4B-00C04F79EFBC}") = "Reglas", "Reglas\Reglas.csproj", "{1E07C8A4-D202-4650-A4DA-030A32BF27EB}"
EndProject
Project("{FAE04EC0-301F-11D3-BF4B-00C04F79EFBC}") = "Web", "Web\Web.csproj", "{EFAC3763-81C5-423A-8A10-6E2D0FBEF3FA}"
EndProject
Global
	GlobalSection(SolutionConfigurationPlatforms) = preSolution
		Debug|Any CPU = Debug|Any CPU
		Release|Any CPU = Release|Any CPU
	EndGlobalSection
	GlobalSection(ProjectConfigurationPlatforms) = postSolution
		{615CE703-1B30-4A2F-842A-4C7377A55EFE}.Debug|Any CPU.ActiveCfg = Debug|Any CPU
		{615CE703-1B30-4A2F-842A-4C7377A55EFE}.Debug|Any CPU.Build.0 = Debug|Any CPU
		{615CE703-1B30-4A2F-842A-4C7377A55EFE}.Release|Any CPU.ActiveCfg = Release|Any CPU
		{615CE703-1B30-4A2F-842A-4C7377A55EFE}.Release|Any CPU.Build.0 = Release|Any CPU
		{1E07C8A4-D202-4650-A4DA-030A32BF27EB}.Debug|Any CPU.ActiveCfg = Debug|Any CPU
		{1E07C8A4-D202-4650-A4DA-030A32BF27EB}.Debug|Any CPU.Build.0 = Debug|Any CPU
		{1E07C8A4-D202-4650-A4DA-030A32BF27EB}.Release|Any CPU.ActiveCfg = Release|Any CPU
		{1E07C8A4-D202-4650-A4DA-030A32BF27EB}.Release|Any CPU.Build.0 = Release|Any CPU
		{EFAC3763-81C5-423A-8A10-6E2D0FBEF3FA}.Debug|Any CPU.ActiveCfg = Debug|Any CPU
		{EFAC3763-81C5-423A-8A10-6E2D0FBEF3FA}.Debug|Any CPU.Build.0 = Debug|Any CPU
		{EFAC3763-81C5-423A-8A10-6E2D0FBEF3FA}.Release|Any CPU.ActiveCfg = Release|Any CPU
		{EFAC3763-81C5-423A-8A10-6E2D0FBEF3FA}.Release|Any CPU.Build.0 = Release|Any CPU
	EndGlobalSection
	GlobalSection(SolutionProperties) = preSolution
		HideSolutionNode = FALSE
	EndGlobalSection
	GlobalSection(ExtensibilityGlobals) = postSolution
		SolutionGuid = {5A7488E6-5983-4AF9-86F8-7760203AEBCA}
	EndGlobalSection
EndGlobal
